
Microsoft Visual Studio Solution File, Format Version 12.00
Project("{2150E333-8FDC-42A3-9474-1A3956D46DE8}") = "Services", "Services", "{45322033-83C9-4832-B063-4B94DCAA6579}"
EndProject
Project("{FAE04EC0-301F-11D3-BF4B-00C04F79EFBC}") = "MultiShop.Catalog", "MultiShop.Catalog\MultiShop.Catalog.csproj", "{3E88BAF6-523E-4847-B685-E1ADA5DF9A01}"
EndProject
Project("{FAE04EC0-301F-11D3-BF4B-00C04F79EFBC}") = "MultiShop.Catalog.Tests", "MultiShop.Catalog.Tests\MultiShop.Catalog.Tests.csproj", "{B23F17B6-0328-4282-9309-643AFDAC336C}"
EndProject
Project("{2150E333-8FDC-42A3-9474-1A3956D46DE8}") = "Order", "Order", "{055B2128-C7A4-4D8D-86C8-BFD60474B305}"
EndProject
Project("{2150E333-8FDC-42A3-9474-1A3956D46DE8}") = "Core", "Core", "{AFB9F5A9-1393-4A03-8F73-00E0F6B9F657}"
EndProject
Project("{2150E333-8FDC-42A3-9474-1A3956D46DE8}") = "Application", "Application", "{245A6623-1603-450C-9194-15F1FA66BE36}"
EndProject
Project("{2150E333-8FDC-42A3-9474-1A3956D46DE8}") = "Infrastructure", "Infrastructure", "{E566C904-C6F9-4D32-A41C-FEEBC08B2482}"
EndProject
Project("{2150E333-8FDC-42A3-9474-1A3956D46DE8}") = "Presentation", "Presentation", "{3DDE5EB1-163B-4E81-96B2-BF87CA75F6EE}"
EndProject
Project("{FAE04EC0-301F-11D3-BF4B-00C04F79EFBC}") = "MultiShop.Order.Api", "MultiShop.Order.Api\MultiShop.Order.Api.csproj", "{ADBA97E2-37E4-4DD1-930B-40EBA50D1F13}"
EndProject
Project("{FAE04EC0-301F-11D3-BF4B-00C04F79EFBC}") = "MultiShop.Order.Infrastructure", "MultiShop.Order.Infrastructure\MultiShop.Order.Infrastructure.csproj", "{F7BF4836-3D3C-483F-B301-033A11DAE988}"
EndProject
Project("{FAE04EC0-301F-11D3-BF4B-00C04F79EFBC}") = "MultiShop.Order.Application", "MultiShop.Order.Application\MultiShop.Order.Application.csproj", "{949B0592-C166-4DC6-9513-1E9CF258C8A5}"
EndProject
Project("{FAE04EC0-301F-11D3-BF4B-00C04F79EFBC}") = "MultiShop.Discount", "MultiShop.Discount\MultiShop.Discount.csproj", "{27980B13-422C-47FC-A761-36A299B8DF04}"
EndProject
Project("{FAE04EC0-301F-11D3-BF4B-00C04F79EFBC}") = "MultiShop.Order.Domain", "MultiShop.Order.Domain\MultiShop.Order.Domain.csproj", "{671D018D-E553-4593-872C-B544838B8219}"
EndProject
Global
	GlobalSection(SolutionConfigurationPlatforms) = preSolution
		Debug|Any CPU = Debug|Any CPU
		Release|Any CPU = Release|Any CPU
	EndGlobalSection
	GlobalSection(NestedProjects) = preSolution
		{3E88BAF6-523E-4847-B685-E1ADA5DF9A01} = {45322033-83C9-4832-B063-4B94DCAA6579}
		{B23F17B6-0328-4282-9309-643AFDAC336C} = {45322033-83C9-4832-B063-4B94DCAA6579}
		{055B2128-C7A4-4D8D-86C8-BFD60474B305} = {45322033-83C9-4832-B063-4B94DCAA6579}
		{AFB9F5A9-1393-4A03-8F73-00E0F6B9F657} = {055B2128-C7A4-4D8D-86C8-BFD60474B305}
		{245A6623-1603-450C-9194-15F1FA66BE36} = {055B2128-C7A4-4D8D-86C8-BFD60474B305}
		{E566C904-C6F9-4D32-A41C-FEEBC08B2482} = {055B2128-C7A4-4D8D-86C8-BFD60474B305}
		{3DDE5EB1-163B-4E81-96B2-BF87CA75F6EE} = {055B2128-C7A4-4D8D-86C8-BFD60474B305}
		{ADBA97E2-37E4-4DD1-930B-40EBA50D1F13} = {3DDE5EB1-163B-4E81-96B2-BF87CA75F6EE}
		{F7BF4836-3D3C-483F-B301-033A11DAE988} = {E566C904-C6F9-4D32-A41C-FEEBC08B2482}
		{949B0592-C166-4DC6-9513-1E9CF258C8A5} = {245A6623-1603-450C-9194-15F1FA66BE36}
		{27980B13-422C-47FC-A761-36A299B8DF04} = {45322033-83C9-4832-B063-4B94DCAA6579}
		{671D018D-E553-4593-872C-B544838B8219} = {AFB9F5A9-1393-4A03-8F73-00E0F6B9F657}
	EndGlobalSection
	GlobalSection(ProjectConfigurationPlatforms) = postSolution
		{3E88BAF6-523E-4847-B685-E1ADA5DF9A01}.Debug|Any CPU.ActiveCfg = Debug|Any CPU
		{3E88BAF6-523E-4847-B685-E1ADA5DF9A01}.Debug|Any CPU.Build.0 = Debug|Any CPU
		{3E88BAF6-523E-4847-B685-E1ADA5DF9A01}.Release|Any CPU.ActiveCfg = Release|Any CPU
		{3E88BAF6-523E-4847-B685-E1ADA5DF9A01}.Release|Any CPU.Build.0 = Release|Any CPU
		{B23F17B6-0328-4282-9309-643AFDAC336C}.Debug|Any CPU.ActiveCfg = Debug|Any CPU
		{B23F17B6-0328-4282-9309-643AFDAC336C}.Debug|Any CPU.Build.0 = Debug|Any CPU
		{B23F17B6-0328-4282-9309-643AFDAC336C}.Release|Any CPU.ActiveCfg = Release|Any CPU
		{B23F17B6-0328-4282-9309-643AFDAC336C}.Release|Any CPU.Build.0 = Release|Any CPU
		{ADBA97E2-37E4-4DD1-930B-40EBA50D1F13}.Debug|Any CPU.ActiveCfg = Debug|Any CPU
		{ADBA97E2-37E4-4DD1-930B-40EBA50D1F13}.Debug|Any CPU.Build.0 = Debug|Any CPU
		{ADBA97E2-37E4-4DD1-930B-40EBA50D1F13}.Release|Any CPU.ActiveCfg = Release|Any CPU
		{ADBA97E2-37E4-4DD1-930B-40EBA50D1F13}.Release|Any CPU.Build.0 = Release|Any CPU
		{F7BF4836-3D3C-483F-B301-033A11DAE988}.Debug|Any CPU.ActiveCfg = Debug|Any CPU
		{F7BF4836-3D3C-483F-B301-033A11DAE988}.Debug|Any CPU.Build.0 = Debug|Any CPU
		{F7BF4836-3D3C-483F-B301-033A11DAE988}.Release|Any CPU.ActiveCfg = Release|Any CPU
		{F7BF4836-3D3C-483F-B301-033A11DAE988}.Release|Any CPU.Build.0 = Release|Any CPU
		{949B0592-C166-4DC6-9513-1E9CF258C8A5}.Debug|Any CPU.ActiveCfg = Debug|Any CPU
		{949B0592-C166-4DC6-9513-1E9CF258C8A5}.Debug|Any CPU.Build.0 = Debug|Any CPU
		{949B0592-C166-4DC6-9513-1E9CF258C8A5}.Release|Any CPU.ActiveCfg = Release|Any CPU
		{949B0592-C166-4DC6-9513-1E9CF258C8A5}.Release|Any CPU.Build.0 = Release|Any CPU
		{27980B13-422C-47FC-A761-36A299B8DF04}.Debug|Any CPU.ActiveCfg = Debug|Any CPU
		{27980B13-422C-47FC-A761-36A299B8DF04}.Debug|Any CPU.Build.0 = Debug|Any CPU
		{27980B13-422C-47FC-A761-36A299B8DF04}.Release|Any CPU.ActiveCfg = Release|Any CPU
		{27980B13-422C-47FC-A761-36A299B8DF04}.Release|Any CPU.Build.0 = Release|Any CPU
		{671D018D-E553-4593-872C-B544838B8219}.Debug|Any CPU.ActiveCfg = Debug|Any CPU
		{671D018D-E553-4593-872C-B544838B8219}.Debug|Any CPU.Build.0 = Debug|Any CPU
		{671D018D-E553-4593-872C-B544838B8219}.Release|Any CPU.ActiveCfg = Release|Any CPU
		{671D018D-E553-4593-872C-B544838B8219}.Release|Any CPU.Build.0 = Release|Any CPU
	EndGlobalSection
EndGlobal
